
Microsoft Visual Studio Solution File, Format Version 12.00
# Visual Studio Version 17
VisualStudioVersion = 17.7.34221.43
MinimumVisualStudioVersion = 10.0.40219.1
Project("{9A19103F-16F7-4668-BE54-9A1E7A4F7556}") = "UniVerse", "UniVerse\UniVerse.csproj", "{905381B3-49CA-40F2-BA41-79D43E3B8D27}"
EndProject
Project("{FAE04EC0-301F-11D3-BF4B-00C04F79EFBC}") = "Tests", "Tests\Tests.csproj", "{9E3D140F-BFFC-4346-A75E-68898ADCBC42}"
EndProject
Global
	GlobalSection(SolutionConfigurationPlatforms) = preSolution
		Debug|Any CPU = Debug|Any CPU
		Release|Any CPU = Release|Any CPU
	EndGlobalSection
	GlobalSection(ProjectConfigurationPlatforms) = postSolution
		{905381B3-49CA-40F2-BA41-79D43E3B8D27}.Debug|Any CPU.ActiveCfg = Debug|Any CPU
		{905381B3-49CA-40F2-BA41-79D43E3B8D27}.Debug|Any CPU.Build.0 = Debug|Any CPU
		{905381B3-49CA-40F2-BA41-79D43E3B8D27}.Release|Any CPU.ActiveCfg = Release|Any CPU
		{905381B3-49CA-40F2-BA41-79D43E3B8D27}.Release|Any CPU.Build.0 = Release|Any CPU
		{9E3D140F-BFFC-4346-A75E-68898ADCBC42}.Debug|Any CPU.ActiveCfg = Debug|Any CPU
		{9E3D140F-BFFC-4346-A75E-68898ADCBC42}.Debug|Any CPU.Build.0 = Debug|Any CPU
		{9E3D140F-BFFC-4346-A75E-68898ADCBC42}.Release|Any CPU.ActiveCfg = Release|Any CPU
		{9E3D140F-BFFC-4346-A75E-68898ADCBC42}.Release|Any CPU.Build.0 = Release|Any CPU
	EndGlobalSection
	GlobalSection(SolutionProperties) = preSolution
		HideSolutionNode = FALSE
	EndGlobalSection
	GlobalSection(ExtensibilityGlobals) = postSolution
		SolutionGuid = {8238F5E2-E0A2-4E9F-A175-A6F46BD3BDF7}
	EndGlobalSection
EndGlobal
